
Microsoft Visual Studio Solution File, Format Version 12.00
# Visual Studio Version 17
VisualStudioVersion = 17.9.34902.65
MinimumVisualStudioVersion = 10.0.40219.1
Project("{FAE04EC0-301F-11D3-BF4B-00C04F79EFBC}") = "shapeCalculator", "shapeCalculator\shapeCalculator.csproj", "{9F2548B9-94A9-4D78-BBC7-BE03FAD65DA9}"
EndProject
Project("{FAE04EC0-301F-11D3-BF4B-00C04F79EFBC}") = "shapeCalculatorForm", "shapeCalculatorForm\shapeCalculatorForm.csproj", "{A0A758B2-8403-4A5E-BE09-1BCF64988E8F}"
EndProject
Global
	GlobalSection(SolutionConfigurationPlatforms) = preSolution
		Debug|Any CPU = Debug|Any CPU
		Release|Any CPU = Release|Any CPU
	EndGlobalSection
	GlobalSection(ProjectConfigurationPlatforms) = postSolution
		{9F2548B9-94A9-4D78-BBC7-BE03FAD65DA9}.Debug|Any CPU.ActiveCfg = Debug|Any CPU
		{9F2548B9-94A9-4D78-BBC7-BE03FAD65DA9}.Debug|Any CPU.Build.0 = Debug|Any CPU
		{9F2548B9-94A9-4D78-BBC7-BE03FAD65DA9}.Release|Any CPU.ActiveCfg = Release|Any CPU
		{9F2548B9-94A9-4D78-BBC7-BE03FAD65DA9}.Release|Any CPU.Build.0 = Release|Any CPU
		{A0A758B2-8403-4A5E-BE09-1BCF64988E8F}.Debug|Any CPU.ActiveCfg = Debug|Any CPU
		{A0A758B2-8403-4A5E-BE09-1BCF64988E8F}.Debug|Any CPU.Build.0 = Debug|Any CPU
		{A0A758B2-8403-4A5E-BE09-1BCF64988E8F}.Release|Any CPU.ActiveCfg = Release|Any CPU
		{A0A758B2-8403-4A5E-BE09-1BCF64988E8F}.Release|Any CPU.Build.0 = Release|Any CPU
	EndGlobalSection
	GlobalSection(SolutionProperties) = preSolution
		HideSolutionNode = FALSE
	EndGlobalSection
	GlobalSection(ExtensibilityGlobals) = postSolution
		SolutionGuid = {919E46FC-316B-47F4-B9B0-64692EBEFD72}
	EndGlobalSection
EndGlobal
